
Microsoft Visual Studio Solution File, Format Version 12.00
# Visual Studio Version 17
VisualStudioVersion = 17.7.34031.279
MinimumVisualStudioVersion = 10.0.40219.1
Project("{FAE04EC0-301F-11D3-BF4B-00C04F79EFBC}") = "Rokkit200TechnicalAssessment", "Rokkit200TechnicalAssessment\Rokkit200TechnicalAssessment.csproj", "{3FDFEB9B-E5C3-450A-A7F8-115B82F50326}"
EndProject
Project("{FAE04EC0-301F-11D3-BF4B-00C04F79EFBC}") = "Rokkit200TechnicalAssessment.Tests", "Rokkit200TechnicalAssessment.Tests\Rokkit200TechnicalAssessment.Tests.csproj", "{F8EBE26E-C2D9-4B35-B284-233275622565}"
EndProject
Global
	GlobalSection(SolutionConfigurationPlatforms) = preSolution
		Debug|Any CPU = Debug|Any CPU
		Release|Any CPU = Release|Any CPU
	EndGlobalSection
	GlobalSection(ProjectConfigurationPlatforms) = postSolution
		{3FDFEB9B-E5C3-450A-A7F8-115B82F50326}.Debug|Any CPU.ActiveCfg = Debug|Any CPU
		{3FDFEB9B-E5C3-450A-A7F8-115B82F50326}.Debug|Any CPU.Build.0 = Debug|Any CPU
		{3FDFEB9B-E5C3-450A-A7F8-115B82F50326}.Release|Any CPU.ActiveCfg = Release|Any CPU
		{3FDFEB9B-E5C3-450A-A7F8-115B82F50326}.Release|Any CPU.Build.0 = Release|Any CPU
		{F8EBE26E-C2D9-4B35-B284-233275622565}.Debug|Any CPU.ActiveCfg = Debug|Any CPU
		{F8EBE26E-C2D9-4B35-B284-233275622565}.Debug|Any CPU.Build.0 = Debug|Any CPU
		{F8EBE26E-C2D9-4B35-B284-233275622565}.Release|Any CPU.ActiveCfg = Release|Any CPU
		{F8EBE26E-C2D9-4B35-B284-233275622565}.Release|Any CPU.Build.0 = Release|Any CPU
	EndGlobalSection
	GlobalSection(SolutionProperties) = preSolution
		HideSolutionNode = FALSE
	EndGlobalSection
	GlobalSection(ExtensibilityGlobals) = postSolution
		SolutionGuid = {7F127781-AE26-4085-82D9-620F75BAD1DD}
	EndGlobalSection
EndGlobal
